
Microsoft Visual Studio Solution File, Format Version 12.00
# Visual Studio Version 17
VisualStudioVersion = 17.14.36121.58 d17.14
MinimumVisualStudioVersion = 10.0.40219.1
Project("{FAE04EC0-301F-11D3-BF4B-00C04F79EFBC}") = "dictnary", "dictnary\dictnary.csproj", "{5AF74C18-8F6B-4C75-B4BC-1426BFFA7582}"
EndProject
Global
	GlobalSection(SolutionConfigurationPlatforms) = preSolution
		Debug|Any CPU = Debug|Any CPU
		Release|Any CPU = Release|Any CPU
	EndGlobalSection
	GlobalSection(ProjectConfigurationPlatforms) = postSolution
		{5AF74C18-8F6B-4C75-B4BC-1426BFFA7582}.Debug|Any CPU.ActiveCfg = Debug|Any CPU
		{5AF74C18-8F6B-4C75-B4BC-1426BFFA7582}.Debug|Any CPU.Build.0 = Debug|Any CPU
		{5AF74C18-8F6B-4C75-B4BC-1426BFFA7582}.Release|Any CPU.ActiveCfg = Release|Any CPU
		{5AF74C18-8F6B-4C75-B4BC-1426BFFA7582}.Release|Any CPU.Build.0 = Release|Any CPU
	EndGlobalSection
	GlobalSection(SolutionProperties) = preSolution
		HideSolutionNode = FALSE
	EndGlobalSection
	GlobalSection(ExtensibilityGlobals) = postSolution
		SolutionGuid = {87A69141-0AF4-4D1C-A15A-67C1D591345B}
	EndGlobalSection
EndGlobal
